
Microsoft Visual Studio Solution File, Format Version 12.00
# Visual Studio 15
VisualStudioVersion = 15.0.28307.168
MinimumVisualStudioVersion = 10.0.40219.1
Project("{FAE04EC0-301F-11D3-BF4B-00C04F79EFBC}") = "CSharpIntermediate", "CSharpIntermediate\CSharpIntermediate.csproj", "{8FA0241C-A658-4D3E-8BCD-E09D5D8FBF05}"
EndProject
Project("{FAE04EC0-301F-11D3-BF4B-00C04F79EFBC}") = "DatabaseConnection", "DatabaseConnection\DatabaseConnection.csproj", "{C4D8AD58-028A-471B-AEEE-1ABCFA56A134}"
EndProject
Project("{FAE04EC0-301F-11D3-BF4B-00C04F79EFBC}") = "WorkflowEngine", "WorkflowEngine\WorkflowEngine.csproj", "{BA4540BD-722E-4614-B1E2-80DEB7CD4F09}"
EndProject
Global
	GlobalSection(SolutionConfigurationPlatforms) = preSolution
		Debug|Any CPU = Debug|Any CPU
		Release|Any CPU = Release|Any CPU
	EndGlobalSection
	GlobalSection(ProjectConfigurationPlatforms) = postSolution
		{8FA0241C-A658-4D3E-8BCD-E09D5D8FBF05}.Debug|Any CPU.ActiveCfg = Debug|Any CPU
		{8FA0241C-A658-4D3E-8BCD-E09D5D8FBF05}.Debug|Any CPU.Build.0 = Debug|Any CPU
		{8FA0241C-A658-4D3E-8BCD-E09D5D8FBF05}.Release|Any CPU.ActiveCfg = Release|Any CPU
		{8FA0241C-A658-4D3E-8BCD-E09D5D8FBF05}.Release|Any CPU.Build.0 = Release|Any CPU
		{C4D8AD58-028A-471B-AEEE-1ABCFA56A134}.Debug|Any CPU.ActiveCfg = Debug|Any CPU
		{C4D8AD58-028A-471B-AEEE-1ABCFA56A134}.Debug|Any CPU.Build.0 = Debug|Any CPU
		{C4D8AD58-028A-471B-AEEE-1ABCFA56A134}.Release|Any CPU.ActiveCfg = Release|Any CPU
		{C4D8AD58-028A-471B-AEEE-1ABCFA56A134}.Release|Any CPU.Build.0 = Release|Any CPU
		{BA4540BD-722E-4614-B1E2-80DEB7CD4F09}.Debug|Any CPU.ActiveCfg = Debug|Any CPU
		{BA4540BD-722E-4614-B1E2-80DEB7CD4F09}.Debug|Any CPU.Build.0 = Debug|Any CPU
		{BA4540BD-722E-4614-B1E2-80DEB7CD4F09}.Release|Any CPU.ActiveCfg = Release|Any CPU
		{BA4540BD-722E-4614-B1E2-80DEB7CD4F09}.Release|Any CPU.Build.0 = Release|Any CPU
	EndGlobalSection
	GlobalSection(SolutionProperties) = preSolution
		HideSolutionNode = FALSE
	EndGlobalSection
	GlobalSection(ExtensibilityGlobals) = postSolution
		SolutionGuid = {74504452-0695-4BF9-AD6B-4CF7D8CD9CBB}
	EndGlobalSection
EndGlobal
